
Microsoft Visual Studio Solution File, Format Version 12.00
# Visual Studio Version 17
VisualStudioVersion = 17.4.33110.190
MinimumVisualStudioVersion = 10.0.40219.1
Project("{9A19103F-16F7-4668-BE54-9A1E7A4F7556}") = "FileUploadAPI", "FileUploadAPI\FileUploadAPI.csproj", "{0F86CCF2-CB87-4039-AC92-6049E743FDE3}"
EndProject
Project("{9A19103F-16F7-4668-BE54-9A1E7A4F7556}") = "FileUploadApiTests", "FileUploadTests\FileUploadApiTests.csproj", "{28B3D53A-AB21-4A5B-AEF3-0DCB14B0E895}"
EndProject
Global
	GlobalSection(SolutionConfigurationPlatforms) = preSolution
		Debug|Any CPU = Debug|Any CPU
		Release|Any CPU = Release|Any CPU
	EndGlobalSection
	GlobalSection(ProjectConfigurationPlatforms) = postSolution
		{0F86CCF2-CB87-4039-AC92-6049E743FDE3}.Debug|Any CPU.ActiveCfg = Debug|Any CPU
		{0F86CCF2-CB87-4039-AC92-6049E743FDE3}.Debug|Any CPU.Build.0 = Debug|Any CPU
		{0F86CCF2-CB87-4039-AC92-6049E743FDE3}.Release|Any CPU.ActiveCfg = Release|Any CPU
		{0F86CCF2-CB87-4039-AC92-6049E743FDE3}.Release|Any CPU.Build.0 = Release|Any CPU
		{28B3D53A-AB21-4A5B-AEF3-0DCB14B0E895}.Debug|Any CPU.ActiveCfg = Debug|Any CPU
		{28B3D53A-AB21-4A5B-AEF3-0DCB14B0E895}.Debug|Any CPU.Build.0 = Debug|Any CPU
		{28B3D53A-AB21-4A5B-AEF3-0DCB14B0E895}.Release|Any CPU.ActiveCfg = Release|Any CPU
		{28B3D53A-AB21-4A5B-AEF3-0DCB14B0E895}.Release|Any CPU.Build.0 = Release|Any CPU
	EndGlobalSection
	GlobalSection(SolutionProperties) = preSolution
		HideSolutionNode = FALSE
	EndGlobalSection
	GlobalSection(ExtensibilityGlobals) = postSolution
		SolutionGuid = {F49E7723-E3F9-48EA-A54D-CF5463003557}
	EndGlobalSection
EndGlobal
